// !$*UTF8*$!
{
	archiveVersion = 1;
	classes = {
	};
	objectVersion = 77;
	objects = {

/* Begin PBXBuildFile section */
		08F5B619F89B824DD89E920A /* AgentRunLaunchCoordinator.swift in Sources */ = {isa = PBXBuildFile; fileRef = A63F79EFFE2C205E9B51022F /* AgentRunLaunchCoordinator.swift */; };
		C6A0B0A0B0A0B0A0B0A0B0A0 /* BadgeView.swift in Sources */ = {isa = PBXBuildFile; fileRef = B6A0B0A0B0A0B0A0B0A0B0A0 /* BadgeView.swift */; };
		A11111111111111111111111 /* AgentRunActionsView.swift in Sources */ = {isa = PBXBuildFile; fileRef = B11111111111111111111111 /* AgentRunActionsView.swift */; };
		A22222222222222222222222 /* AgentRunConsoleContent.swift in Sources */ = {isa = PBXBuildFile; fileRef = B22222222222222222222222 /* AgentRunConsoleContent.swift */; };
		A33333333333333333333333 /* AgentRunNotesView.swift in Sources */ = {isa = PBXBuildFile; fileRef = B33333333333333333333333 /* AgentRunNotesView.swift */; };
		A44444444444444444444444 /* AgentRunPromptPreviewView.swift in Sources */ = {isa = PBXBuildFile; fileRef = B44444444444444444444444 /* AgentRunPromptPreviewView.swift */; };
		A55555555555555555555555 /* AgentRunTranscriptView.swift in Sources */ = {isa = PBXBuildFile; fileRef = B55555555555555555555555 /* AgentRunTranscriptView.swift */; };
		0B132AD8EC55302F736DAA2C /* RecurringMetadata.swift in Sources */ = {isa = PBXBuildFile; fileRef = 805340EA9FBA3874DFEAD319 /* RecurringMetadata.swift */; };
		10FAB7BF207ECFDE08A65B22 /* IssueDetailView.swift in Sources */ = {isa = PBXBuildFile; fileRef = 58A8C4D84422BBCE4A84BF81 /* IssueDetailView.swift */; };
		12620EE9783B65D6DF288038 /* WorkspaceValidator.swift in Sources */ = {isa = PBXBuildFile; fileRef = BB94DC4755E753E7F8820198 /* WorkspaceValidator.swift */; };
		12E241B27B6C9B8EC7B9395C /* IssueFilterState.swift in Sources */ = {isa = PBXBuildFile; fileRef = 02995F2D4DFE3B31D00526EF /* IssueFilterState.swift */; };
		163DAED0C9C9869C303DBB53 /* GitStatusService.swift in Sources */ = {isa = PBXBuildFile; fileRef = 94704DDD945A08C695E33E60 /* GitStatusService.swift */; };
		169C26B9DCB38E05D5620699 /* ProjectWorkspace.swift in Sources */ = {isa = PBXBuildFile; fileRef = BE9802E54167B017B03C02D2 /* ProjectWorkspace.swift */; };
		176DC74B9B60C7C605517AA2 /* AgentRole.swift in Sources */ = {isa = PBXBuildFile; fileRef = 1674780797FD810F8D7DE8C2 /* AgentRole.swift */; };
		231E101278DA73D074F6AF17 /* AgentLaunchFlowCoordinator.swift in Sources */ = {isa = PBXBuildFile; fileRef = 8ADC615F3F521A912A29CEC2 /* AgentLaunchFlowCoordinator.swift */; };
		28CA2B5B5D8B44D2475D019E /* IssueDetailRecurringSection.swift in Sources */ = {isa = PBXBuildFile; fileRef = EEDEA644D1B78193D279B227 /* IssueDetailRecurringSection.swift */; };
		29BDC07D19B4784D59E4A2E8 /* CommandRunning.swift in Sources */ = {isa = PBXBuildFile; fileRef = 04A116AD006CF35CA34ECE27 /* CommandRunning.swift */; };
		2E0F554D8887BBF850410321 /* ShellCommandRunner.swift in Sources */ = {isa = PBXBuildFile; fileRef = A267113D5EBBAFBD1F438D57 /* ShellCommandRunner.swift */; };
		322D00C931CD361D7E7EA1DA /* AgentRunConsoleView.swift in Sources */ = {isa = PBXBuildFile; fileRef = 626365BA4FBFF70061F5A8F6 /* AgentRunConsoleView.swift */; };
		3D59BD01A9AD861FE5A1BC7A /* AppViewModel.swift in Sources */ = {isa = PBXBuildFile; fileRef = D9CA4D850D4A89F102D5866F /* AppViewModel.swift */; };
		3FE7E6EDF84988304359A942 /* RecurringStore.swift in Sources */ = {isa = PBXBuildFile; fileRef = D779A67B8CC5F47EF68083B3 /* RecurringStore.swift */; };
		41A8CFB9661979481337B872 /* KanbanDropResolver.swift in Sources */ = {isa = PBXBuildFile; fileRef = F4F866B85B2A56E15F62680F /* KanbanDropResolver.swift */; };
		4592B816E0522788375F8CE0 /* BoardView.swift in Sources */ = {isa = PBXBuildFile; fileRef = B30371A914B174F942233A4D /* BoardView.swift */; };
		480365CF848360DF4CC1ABEE /* MarkdownTextRenderer.swift in Sources */ = {isa = PBXBuildFile; fileRef = 072902C8C2829A57F8879515 /* MarkdownTextRenderer.swift */; };
		514EDC774BDF539E62BBD18F /* AgentProfileStore.swift in Sources */ = {isa = PBXBuildFile; fileRef = CB9A4F6E330781329558DE68 /* AgentProfileStore.swift */; };
		51AA04F5B2CD468BD2A530F0 /* AgentRunTranscriptStore.swift in Sources */ = {isa = PBXBuildFile; fileRef = 246405742CABDD6FDCD92C4A /* AgentRunTranscriptStore.swift */; };
		558DD8247DAFBFAA255060CF /* WorkspaceCheck.swift in Sources */ = {isa = PBXBuildFile; fileRef = 15A7FBE5ABA23F5A6E5B0738 /* WorkspaceCheck.swift */; };
		57B1A1E222247DEA55F52900 /* AgentRunRecord.swift in Sources */ = {isa = PBXBuildFile; fileRef = AB66BEA09BA735011CC7D05F /* AgentRunRecord.swift */; };
		5A67B9D838C3A53ABCFC6FEE /* IssueListView.swift in Sources */ = {isa = PBXBuildFile; fileRef = 7D09B05737B06390C186B8F7 /* IssueListView.swift */; };
		5F4712CAD8F60981A70D9D85 /* BulkActionPanel.swift in Sources */ = {isa = PBXBuildFile; fileRef = 0FF001829FA357931ABB2DDA /* BulkActionPanel.swift */; };
		5F8A6C4A7A4D4E5BA5D92F01 /* LocalAISettingsPanelView.swift in Sources */ = {isa = PBXBuildFile; fileRef = 5F8A6C4A7A4D4E5BA5D92F02 /* LocalAISettingsPanelView.swift */; };
		5F74A17DED4EA257CD3FB527 /* ProjectRootDiscovery.swift in Sources */ = {isa = PBXBuildFile; fileRef = 1116E4B9B437EE620E37E3FA /* ProjectRootDiscovery.swift */; };
		5FE2FB5416DE9F39D33AEB6D /* RecentProject.swift in Sources */ = {isa = PBXBuildFile; fileRef = DD05BDF21A6D250F74257C0F /* RecentProject.swift */; };
		65FEEE36A483AAFEA3E98740 /* PreferencesStore.swift in Sources */ = {isa = PBXBuildFile; fileRef = ADCD2C13EB7D25B27F0DB9E6 /* PreferencesStore.swift */; };
		65FEEE36A483AAFEA3E98741 /* LocalAIConnectionTester.swift in Sources */ = {isa = PBXBuildFile; fileRef = BE01F1D4A7FD2A2A8614AF10 /* LocalAIConnectionTester.swift */; };
		65FEEE36A483AAFEA3E98742 /* LocalAISettings.swift in Sources */ = {isa = PBXBuildFile; fileRef = BE01F1D4A7FD2A2A8614AF11 /* LocalAISettings.swift */; };
		6964E3357E8F7DAA8B5ED12D /* WorkspaceSelectionError.swift in Sources */ = {isa = PBXBuildFile; fileRef = E0A892727F9B56F5B93219BD /* WorkspaceSelectionError.swift */; };
		6A22080603C0D4BEA29DC9F6 /* PromptGenerator.swift in Sources */ = {isa = PBXBuildFile; fileRef = ADE0506503A2928BD3788E8A /* PromptGenerator.swift */; };
		730CED51B44D179E4A195041 /* CreateIssueInput.swift in Sources */ = {isa = PBXBuildFile; fileRef = 9C3CCAA1F4E35E7D33DCD790 /* CreateIssueInput.swift */; };
		74D5844D97FC4DCD00896193 /* WelcomeView.swift in Sources */ = {isa = PBXBuildFile; fileRef = AD2F7302355AB39819D5636E /* WelcomeView.swift */; };
		777D6067634F4E4433D4DE29 /* DebugPanelView.swift in Sources */ = {isa = PBXBuildFile; fileRef = 7DF68C52F8AE3853FD37F28B /* DebugPanelView.swift */; };
		7E5588374B9CA0670DB653A0 /* AgentRunStatus.swift in Sources */ = {isa = PBXBuildFile; fileRef = 524C06B260590235A286E85A /* AgentRunStatus.swift */; };
		7E62E29C688D95EA0478C2D9 /* AgentLaunchState.swift in Sources */ = {isa = PBXBuildFile; fileRef = 843DAFA24B80CDA5609E80E4 /* AgentLaunchState.swift */; };
		7F68A6A93303A564FF10187E /* CommandResult.swift in Sources */ = {isa = PBXBuildFile; fileRef = 27B4A8FF92250BAF4DF9470D /* CommandResult.swift */; };
		82EA060B85C885EB5A4BE443 /* Clipboard.swift in Sources */ = {isa = PBXBuildFile; fileRef = 7DBB91774FEBEFDB2A92E3F2 /* Clipboard.swift */; };
		82EAFB7DA66596E591788604 /* GitWorktreeService.swift in Sources */ = {isa = PBXBuildFile; fileRef = 5E60B6DE5CFDB845F26634AC /* GitWorktreeService.swift */; };
		8D876C481BE334B026F95B56 /* IssueRightPane.swift in Sources */ = {isa = PBXBuildFile; fileRef = 25B1886C7BBD88E21A4DD8AB /* IssueRightPane.swift */; };
		91C9ED92CFB1DE5579896BA1 /* KanbanBoardView.swift in Sources */ = {isa = PBXBuildFile; fileRef = 113640E4F9E12CC9A7123EA8 /* KanbanBoardView.swift */; };
		945841B0F7949A518B9F25F8 /* IssueFilterBarView.swift in Sources */ = {isa = PBXBuildFile; fileRef = 0026F50ED8AB2040E4970377 /* IssueFilterBarView.swift */; };
		97729736ECA883201A6E4A47 /* BeadsError.swift in Sources */ = {isa = PBXBuildFile; fileRef = 084DC3DCA7251D75F1C0667C /* BeadsError.swift */; };
		98640917B3101FA06281042D /* GitDirtyLaunchSheet.swift in Sources */ = {isa = PBXBuildFile; fileRef = F386C411A419795703FCE5B1 /* GitDirtyLaunchSheet.swift */; };
		99BCF2D4A6194A44476C8C87 /* KanbanColumn.swift in Sources */ = {isa = PBXBuildFile; fileRef = B5D04E4460CB63C26D737DD8 /* KanbanColumn.swift */; };
		9BA6FB68140ACE2FB09A25E2 /* PriorityDifficulty.swift in Sources */ = {isa = PBXBuildFile; fileRef = 917F583AF9D4B02E53F16FD1 /* PriorityDifficulty.swift */; };
		9F49D0D3DB2F0AC391404F06 /* GitStatusSummary.swift in Sources */ = {isa = PBXBuildFile; fileRef = 234B53B7F03FBE6A459A8149 /* GitStatusSummary.swift */; };
		A0A96F481BF73110F71C1AD7 /* ProcessCommandRunner.swift in Sources */ = {isa = PBXBuildFile; fileRef = 5B8EC6BEF8A451F9C6414377 /* ProcessCommandRunner.swift */; };
		B035B9FB268DA76980FB0627 /* ContentView.swift in Sources */ = {isa = PBXBuildFile; fileRef = DCAA6024BCA55980AD7BD902 /* ContentView.swift */; };
		B2039CB88B675C43CEC59B4F /* IssueFileWatcher.swift in Sources */ = {isa = PBXBuildFile; fileRef = 785B8EE3200E9AC7F2E588BC /* IssueFileWatcher.swift */; };
		B487C75F0B86E69F4E8D800B /* TerminalLaunching.swift in Sources */ = {isa = PBXBuildFile; fileRef = 448BE4AEBDAFF17B41A357D3 /* TerminalLaunching.swift */; };
		B7961430EF778C0628061A97 /* IssueCardView.swift in Sources */ = {isa = PBXBuildFile; fileRef = 7BC5310103C0E2BBA70DFA3E /* IssueCardView.swift */; };
		C2FBEA4833D1CE73B6B10C72 /* AssigneeAvatarResolver.swift in Sources */ = {isa = PBXBuildFile; fileRef = 69572911E9CE07BDC6E47FE7 /* AssigneeAvatarResolver.swift */; };
		C3915798DDD0FD3189272818 /* BoardSidebarView.swift in Sources */ = {isa = PBXBuildFile; fileRef = FF95CD8DD680AB39CA3760EE /* BoardSidebarView.swift */; };
		C4EC847AD43417A5A87E6742 /* BeadsJSONDecoder.swift in Sources */ = {isa = PBXBuildFile; fileRef = E223881FD347BDEEB02CFF3D /* BeadsJSONDecoder.swift */; };
		C9056551A54E94A43A59996B /* IssueStore.swift in Sources */ = {isa = PBXBuildFile; fileRef = 5715AB43753AA20C2F5B0276 /* IssueStore.swift */; };
		D1E282B1388DA98C1C479C90 /* AgentRunHistoryStore.swift in Sources */ = {isa = PBXBuildFile; fileRef = 80A1EBFA411DA5DE40B48674 /* AgentRunHistoryStore.swift */; };
		D4F3A6A240DD93E4F8126EAF /* CommandSnapshot.swift in Sources */ = {isa = PBXBuildFile; fileRef = 52316928B361CD02CB516C38 /* CommandSnapshot.swift */; };
		D9FE90D4F69DCB33807CA9E5 /* TerminalLauncher.swift in Sources */ = {isa = PBXBuildFile; fileRef = 07E1F6766E018B9D3FB3EEFD /* TerminalLauncher.swift */; };
		DE2E555C843DDA7B37027D5E /* StatusBarView.swift in Sources */ = {isa = PBXBuildFile; fileRef = DD89521B884B2A4A3A596807 /* StatusBarView.swift */; };
		E02EE3470B9C43544BA7A927 /* RecentProjectsStore.swift in Sources */ = {isa = PBXBuildFile; fileRef = D92B41CC363EFD04B2C2B380 /* RecentProjectsStore.swift */; };
		E48DAA3AF46434C2A0F9E16B /* WorkspaceValidationState.swift in Sources */ = {isa = PBXBuildFile; fileRef = 892AFBAFFBB5AC7ADBFEF382 /* WorkspaceValidationState.swift */; };
		E7B9A7C71C5F732A5E626E6A /* BeadIssue.swift in Sources */ = {isa = PBXBuildFile; fileRef = 1C4B4490AA9915E56BD4244B /* BeadIssue.swift */; };
		EA5007A9BB9CB616312B99F1 /* WorkspaceCheckState.swift in Sources */ = {isa = PBXBuildFile; fileRef = C8E54FCB2438300BC3BEABE3 /* WorkspaceCheckState.swift */; };
		EB7707B1EC0E3ED5EC5BDAD5 /* AgentRunMessage.swift in Sources */ = {isa = PBXBuildFile; fileRef = 5365E7ADB87026363F26D6F7 /* AgentRunMessage.swift */; };
		EB9C537BA9B88F29D98F6864 /* BeadsService.swift in Sources */ = {isa = PBXBuildFile; fileRef = 38B47C6056A4A2EF59F26B31 /* BeadsService.swift */; };
		EC21EF3BAB971203477766C6 /* UpdateIssueInput.swift in Sources */ = {isa = PBXBuildFile; fileRef = 63DB2BCFBFCEE719CA359921 /* UpdateIssueInput.swift */; };
		EFF3DBCE0D2A735D133EAEF5 /* AgentProfile.swift in Sources */ = {isa = PBXBuildFile; fileRef = 2860AA2285EFC86D3DB1C3FA /* AgentProfile.swift */; };
		F35FD789DD9F8F553E6CD574 /* WorkspaceViewModel.swift in Sources */ = {isa = PBXBuildFile; fileRef = 3CBEF3789371A63BE07F8C61 /* WorkspaceViewModel.swift */; };
		F4CF3D573E3D2B563B732D89 /* KanbanStateMapper.swift in Sources */ = {isa = PBXBuildFile; fileRef = EF6F1541C70BFBBE25CA6DE8 /* KanbanStateMapper.swift */; };
		F68578D18AD6BE33D0FDBE62 /* CloseIssueSheet.swift in Sources */ = {isa = PBXBuildFile; fileRef = 0D9045FAEC7EE010BF6B593C /* CloseIssueSheet.swift */; };
		F695F9C9600DEE436B85579B /* BlockerPickerSheet.swift in Sources */ = {isa = PBXBuildFile; fileRef = 90C658EC3EC671B9DC4F1520 /* BlockerPickerSheet.swift */; };
		F6D91A0E3D55A3E7D73C6D5B /* CreateIssueSheet.swift in Sources */ = {isa = PBXBuildFile; fileRef = 8A32DD08C1FDA109CD53BC41 /* CreateIssueSheet.swift */; };
		F7378A2357AD882B8DBD52DA /* ReviewFollowupSheet.swift in Sources */ = {isa = PBXBuildFile; fileRef = 881EE42BCE3D5B25154128D6 /* ReviewFollowupSheet.swift */; };
		F76DF0C90155056664B3B7D6 /* AssigneeBadgeView.swift in Sources */ = {isa = PBXBuildFile; fileRef = 47BC8D75D3F915672B7E87A3 /* AssigneeBadgeView.swift */; };
		FA7430CE6F42A5BCF245C0A5 /* BeadsKanbanApp.swift in Sources */ = {isa = PBXBuildFile; fileRef = 833FF27F3DA76EFFBE825440 /* BeadsKanbanApp.swift */; };
		FCC3622DFB2C0F7172458C62 /* AppPreferences.swift in Sources */ = {isa = PBXBuildFile; fileRef = BE01F1D4A7FD2A2A8614AF09 /* AppPreferences.swift */; };
/* End PBXBuildFile section */

/* Begin PBXFileReference section */
		0026F50ED8AB2040E4970377 /* IssueFilterBarView.swift */ = {isa = PBXFileReference; lastKnownFileType = sourcecode.swift; path = IssueFilterBarView.swift; sourceTree = "<group>"; };
		02995F2D4DFE3B31D00526EF /* IssueFilterState.swift */ = {isa = PBXFileReference; lastKnownFileType = sourcecode.swift; path = IssueFilterState.swift; sourceTree = "<group>"; };
		04A116AD006CF35CA34ECE27 /* CommandRunning.swift */ = {isa = PBXFileReference; lastKnownFileType = sourcecode.swift; path = CommandRunning.swift; sourceTree = "<group>"; };
		072902C8C2829A57F8879515 /* MarkdownTextRenderer.swift */ = {isa = PBXFileReference; lastKnownFileType = sourcecode.swift; path = MarkdownTextRenderer.swift; sourceTree = "<group>"; };
		07E1F6766E018B9D3FB3EEFD /* TerminalLauncher.swift */ = {isa = PBXFileReference; lastKnownFileType = sourcecode.swift; path = TerminalLauncher.swift; sourceTree = "<group>"; };
		084DC3DCA7251D75F1C0667C /* BeadsError.swift */ = {isa = PBXFileReference; lastKnownFileType = sourcecode.swift; path = BeadsError.swift; sourceTree = "<group>"; };
		0D9045FAEC7EE010BF6B593C /* CloseIssueSheet.swift */ = {isa = PBXFileReference; lastKnownFileType = sourcecode.swift; path = CloseIssueSheet.swift; sourceTree = "<group>"; };
		0FF001829FA357931ABB2DDA /* BulkActionPanel.swift */ = {isa = PBXFileReference; lastKnownFileType = sourcecode.swift; path = BulkActionPanel.swift; sourceTree = "<group>"; };
		1116E4B9B437EE620E37E3FA /* ProjectRootDiscovery.swift */ = {isa = PBXFileReference; lastKnownFileType = sourcecode.swift; path = ProjectRootDiscovery.swift; sourceTree = "<group>"; };
		113640E4F9E12CC9A7123EA8 /* KanbanBoardView.swift */ = {isa = PBXFileReference; lastKnownFileType = sourcecode.swift; path = KanbanBoardView.swift; sourceTree = "<group>"; };
		15A7FBE5ABA23F5A6E5B0738 /* WorkspaceCheck.swift */ = {isa = PBXFileReference; lastKnownFileType = sourcecode.swift; path = WorkspaceCheck.swift; sourceTree = "<group>"; };
		1674780797FD810F8D7DE8C2 /* AgentRole.swift */ = {isa = PBXFileReference; lastKnownFileType = sourcecode.swift; path = AgentRole.swift; sourceTree = "<group>"; };
		1A0248E5275A4DD2579FF53E /* BeadsKanbanApp.app */ = {isa = PBXFileReference; explicitFileType = wrapper.application; includeInIndex = 0; path = BeadsKanbanApp.app; sourceTree = BUILT_PRODUCTS_DIR; };
		1C4B4490AA9915E56BD4244B /* BeadIssue.swift */ = {isa = PBXFileReference; lastKnownFileType = sourcecode.swift; path = BeadIssue.swift; sourceTree = "<group>"; };
		234B53B7F03FBE6A459A8149 /* GitStatusSummary.swift */ = {isa = PBXFileReference; lastKnownFileType = sourcecode.swift; path = GitStatusSummary.swift; sourceTree = "<group>"; };
		246405742CABDD6FDCD92C4A /* AgentRunTranscriptStore.swift */ = {isa = PBXFileReference; lastKnownFileType = sourcecode.swift; path = AgentRunTranscriptStore.swift; sourceTree = "<group>"; };
		25B1886C7BBD88E21A4DD8AB /* IssueRightPane.swift */ = {isa = PBXFileReference; lastKnownFileType = sourcecode.swift; path = IssueRightPane.swift; sourceTree = "<group>"; };
		27B4A8FF92250BAF4DF9470D /* CommandResult.swift */ = {isa = PBXFileReference; lastKnownFileType = sourcecode.swift; path = CommandResult.swift; sourceTree = "<group>"; };
		2860AA2285EFC86D3DB1C3FA /* AgentProfile.swift */ = {isa = PBXFileReference; lastKnownFileType = sourcecode.swift; path = AgentProfile.swift; sourceTree = "<group>"; };
		38B47C6056A4A2EF59F26B31 /* BeadsService.swift */ = {isa = PBXFileReference; lastKnownFileType = sourcecode.swift; path = BeadsService.swift; sourceTree = "<group>"; };
		3CBEF3789371A63BE07F8C61 /* WorkspaceViewModel.swift */ = {isa = PBXFileReference; lastKnownFileType = sourcecode.swift; path = WorkspaceViewModel.swift; sourceTree = "<group>"; };
		448BE4AEBDAFF17B41A357D3 /* TerminalLaunching.swift */ = {isa = PBXFileReference; lastKnownFileType = sourcecode.swift; path = TerminalLaunching.swift; sourceTree = "<group>"; };
		47BC8D75D3F915672B7E87A3 /* AssigneeBadgeView.swift */ = {isa = PBXFileReference; lastKnownFileType = sourcecode.swift; path = AssigneeBadgeView.swift; sourceTree = "<group>"; };
		52316928B361CD02CB516C38 /* CommandSnapshot.swift */ = {isa = PBXFileReference; lastKnownFileType = sourcecode.swift; path = CommandSnapshot.swift; sourceTree = "<group>"; };
		524C06B260590235A286E85A /* AgentRunStatus.swift */ = {isa = PBXFileReference; lastKnownFileType = sourcecode.swift; path = AgentRunStatus.swift; sourceTree = "<group>"; };
		5365E7ADB87026363F26D6F7 /* AgentRunMessage.swift */ = {isa = PBXFileReference; lastKnownFileType = sourcecode.swift; path = AgentRunMessage.swift; sourceTree = "<group>"; };
		5715AB43753AA20C2F5B0276 /* IssueStore.swift */ = {isa = PBXFileReference; lastKnownFileType = sourcecode.swift; path = IssueStore.swift; sourceTree = "<group>"; };
		58A8C4D84422BBCE4A84BF81 /* IssueDetailView.swift */ = {isa = PBXFileReference; lastKnownFileType = sourcecode.swift; path = IssueDetailView.swift; sourceTree = "<group>"; };
		5B8EC6BEF8A451F9C6414377 /* ProcessCommandRunner.swift */ = {isa = PBXFileReference; lastKnownFileType = sourcecode.swift; path = ProcessCommandRunner.swift; sourceTree = "<group>"; };
		5E60B6DE5CFDB845F26634AC /* GitWorktreeService.swift */ = {isa = PBXFileReference; lastKnownFileType = sourcecode.swift; path = GitWorktreeService.swift; sourceTree = "<group>"; };
		5F8A6C4A7A4D4E5BA5D92F02 /* LocalAISettingsPanelView.swift */ = {isa = PBXFileReference; lastKnownFileType = sourcecode.swift; path = LocalAISettingsPanelView.swift; sourceTree = "<group>"; };
		626365BA4FBFF70061F5A8F6 /* AgentRunConsoleView.swift */ = {isa = PBXFileReference; lastKnownFileType = sourcecode.swift; path = AgentRunConsoleView.swift; sourceTree = "<group>"; };
		B6A0B0A0B0A0B0A0B0A0B0A0 /* BadgeView.swift */ = {isa = PBXFileReference; lastKnownFileType = sourcecode.swift; path = BadgeView.swift; sourceTree = "<group>"; };
		B11111111111111111111111 /* AgentRunActionsView.swift */ = {isa = PBXFileReference; lastKnownFileType = sourcecode.swift; path = AgentRunActionsView.swift; sourceTree = "<group>"; };
		B22222222222222222222222 /* AgentRunConsoleContent.swift */ = {isa = PBXFileReference; lastKnownFileType = sourcecode.swift; path = AgentRunConsoleContent.swift; sourceTree = "<group>"; };
		B33333333333333333333333 /* AgentRunNotesView.swift */ = {isa = PBXFileReference; lastKnownFileType = sourcecode.swift; path = AgentRunNotesView.swift; sourceTree = "<group>"; };
		B44444444444444444444444 /* AgentRunPromptPreviewView.swift */ = {isa = PBXFileReference; lastKnownFileType = sourcecode.swift; path = AgentRunPromptPreviewView.swift; sourceTree = "<group>"; };
		B55555555555555555555555 /* AgentRunTranscriptView.swift */ = {isa = PBXFileReference; lastKnownFileType = sourcecode.swift; path = AgentRunTranscriptView.swift; sourceTree = "<group>"; };
		63DB2BCFBFCEE719CA359921 /* UpdateIssueInput.swift */ = {isa = PBXFileReference; lastKnownFileType = sourcecode.swift; path = UpdateIssueInput.swift; sourceTree = "<group>"; };
		69572911E9CE07BDC6E47FE7 /* AssigneeAvatarResolver.swift */ = {isa = PBXFileReference; lastKnownFileType = sourcecode.swift; path = AssigneeAvatarResolver.swift; sourceTree = "<group>"; };
		785B8EE3200E9AC7F2E588BC /* IssueFileWatcher.swift */ = {isa = PBXFileReference; lastKnownFileType = sourcecode.swift; path = IssueFileWatcher.swift; sourceTree = "<group>"; };
		7BC5310103C0E2BBA70DFA3E /* IssueCardView.swift */ = {isa = PBXFileReference; lastKnownFileType = sourcecode.swift; path = IssueCardView.swift; sourceTree = "<group>"; };
		7D09B05737B06390C186B8F7 /* IssueListView.swift */ = {isa = PBXFileReference; lastKnownFileType = sourcecode.swift; path = IssueListView.swift; sourceTree = "<group>"; };
		7DBB91774FEBEFDB2A92E3F2 /* Clipboard.swift */ = {isa = PBXFileReference; lastKnownFileType = sourcecode.swift; path = Clipboard.swift; sourceTree = "<group>"; };
		7DF68C52F8AE3853FD37F28B /* DebugPanelView.swift */ = {isa = PBXFileReference; lastKnownFileType = sourcecode.swift; path = DebugPanelView.swift; sourceTree = "<group>"; };
		805340EA9FBA3874DFEAD319 /* RecurringMetadata.swift */ = {isa = PBXFileReference; lastKnownFileType = sourcecode.swift; path = RecurringMetadata.swift; sourceTree = "<group>"; };
		80A1EBFA411DA5DE40B48674 /* AgentRunHistoryStore.swift */ = {isa = PBXFileReference; lastKnownFileType = sourcecode.swift; path = AgentRunHistoryStore.swift; sourceTree = "<group>"; };
		833FF27F3DA76EFFBE825440 /* BeadsKanbanApp.swift */ = {isa = PBXFileReference; lastKnownFileType = sourcecode.swift; path = BeadsKanbanApp.swift; sourceTree = "<group>"; };
		843DAFA24B80CDA5609E80E4 /* AgentLaunchState.swift */ = {isa = PBXFileReference; lastKnownFileType = sourcecode.swift; path = AgentLaunchState.swift; sourceTree = "<group>"; };
		881EE42BCE3D5B25154128D6 /* ReviewFollowupSheet.swift */ = {isa = PBXFileReference; lastKnownFileType = sourcecode.swift; path = ReviewFollowupSheet.swift; sourceTree = "<group>"; };
		892AFBAFFBB5AC7ADBFEF382 /* WorkspaceValidationState.swift */ = {isa = PBXFileReference; lastKnownFileType = sourcecode.swift; path = WorkspaceValidationState.swift; sourceTree = "<group>"; };
		8A32DD08C1FDA109CD53BC41 /* CreateIssueSheet.swift */ = {isa = PBXFileReference; lastKnownFileType = sourcecode.swift; path = CreateIssueSheet.swift; sourceTree = "<group>"; };
		8ADC615F3F521A912A29CEC2 /* AgentLaunchFlowCoordinator.swift */ = {isa = PBXFileReference; lastKnownFileType = sourcecode.swift; path = AgentLaunchFlowCoordinator.swift; sourceTree = "<group>"; };
		90C658EC3EC671B9DC4F1520 /* BlockerPickerSheet.swift */ = {isa = PBXFileReference; lastKnownFileType = sourcecode.swift; path = BlockerPickerSheet.swift; sourceTree = "<group>"; };
		917F583AF9D4B02E53F16FD1 /* PriorityDifficulty.swift */ = {isa = PBXFileReference; lastKnownFileType = sourcecode.swift; path = PriorityDifficulty.swift; sourceTree = "<group>"; };
		94704DDD945A08C695E33E60 /* GitStatusService.swift */ = {isa = PBXFileReference; lastKnownFileType = sourcecode.swift; path = GitStatusService.swift; sourceTree = "<group>"; };
		9C3CCAA1F4E35E7D33DCD790 /* CreateIssueInput.swift */ = {isa = PBXFileReference; lastKnownFileType = sourcecode.swift; path = CreateIssueInput.swift; sourceTree = "<group>"; };
		A267113D5EBBAFBD1F438D57 /* ShellCommandRunner.swift */ = {isa = PBXFileReference; lastKnownFileType = sourcecode.swift; path = ShellCommandRunner.swift; sourceTree = "<group>"; };
		A63F79EFFE2C205E9B51022F /* AgentRunLaunchCoordinator.swift */ = {isa = PBXFileReference; lastKnownFileType = sourcecode.swift; path = AgentRunLaunchCoordinator.swift; sourceTree = "<group>"; };
		AB66BEA09BA735011CC7D05F /* AgentRunRecord.swift */ = {isa = PBXFileReference; lastKnownFileType = sourcecode.swift; path = AgentRunRecord.swift; sourceTree = "<group>"; };
		AD2F7302355AB39819D5636E /* WelcomeView.swift */ = {isa = PBXFileReference; lastKnownFileType = sourcecode.swift; path = WelcomeView.swift; sourceTree = "<group>"; };
		ADCD2C13EB7D25B27F0DB9E6 /* PreferencesStore.swift */ = {isa = PBXFileReference; lastKnownFileType = sourcecode.swift; path = PreferencesStore.swift; sourceTree = "<group>"; };
		ADE0506503A2928BD3788E8A /* PromptGenerator.swift */ = {isa = PBXFileReference; lastKnownFileType = sourcecode.swift; path = PromptGenerator.swift; sourceTree = "<group>"; };
		B30371A914B174F942233A4D /* BoardView.swift */ = {isa = PBXFileReference; lastKnownFileType = sourcecode.swift; path = BoardView.swift; sourceTree = "<group>"; };
		B5D04E4460CB63C26D737DD8 /* KanbanColumn.swift */ = {isa = PBXFileReference; lastKnownFileType = sourcecode.swift; path = KanbanColumn.swift; sourceTree = "<group>"; };
		BB94DC4755E753E7F8820198 /* WorkspaceValidator.swift */ = {isa = PBXFileReference; lastKnownFileType = sourcecode.swift; path = WorkspaceValidator.swift; sourceTree = "<group>"; };
		BE01F1D4A7FD2A2A8614AF09 /* AppPreferences.swift */ = {isa = PBXFileReference; lastKnownFileType = sourcecode.swift; path = AppPreferences.swift; sourceTree = "<group>"; };
		BE01F1D4A7FD2A2A8614AF10 /* LocalAIConnectionTester.swift */ = {isa = PBXFileReference; lastKnownFileType = sourcecode.swift; path = LocalAIConnectionTester.swift; sourceTree = "<group>"; };
		BE01F1D4A7FD2A2A8614AF11 /* LocalAISettings.swift */ = {isa = PBXFileReference; lastKnownFileType = sourcecode.swift; path = LocalAISettings.swift; sourceTree = "<group>"; };
		BE9802E54167B017B03C02D2 /* ProjectWorkspace.swift */ = {isa = PBXFileReference; lastKnownFileType = sourcecode.swift; path = ProjectWorkspace.swift; sourceTree = "<group>"; };
		C8E54FCB2438300BC3BEABE3 /* WorkspaceCheckState.swift */ = {isa = PBXFileReference; lastKnownFileType = sourcecode.swift; path = WorkspaceCheckState.swift; sourceTree = "<group>"; };
		CB9A4F6E330781329558DE68 /* AgentProfileStore.swift */ = {isa = PBXFileReference; lastKnownFileType = sourcecode.swift; path = AgentProfileStore.swift; sourceTree = "<group>"; };
		D779A67B8CC5F47EF68083B3 /* RecurringStore.swift */ = {isa = PBXFileReference; lastKnownFileType = sourcecode.swift; path = RecurringStore.swift; sourceTree = "<group>"; };
		D92B41CC363EFD04B2C2B380 /* RecentProjectsStore.swift */ = {isa = PBXFileReference; lastKnownFileType = sourcecode.swift; path = RecentProjectsStore.swift; sourceTree = "<group>"; };
		D9CA4D850D4A89F102D5866F /* AppViewModel.swift */ = {isa = PBXFileReference; lastKnownFileType = sourcecode.swift; path = AppViewModel.swift; sourceTree = "<group>"; };
		DCAA6024BCA55980AD7BD902 /* ContentView.swift */ = {isa = PBXFileReference; lastKnownFileType = sourcecode.swift; path = ContentView.swift; sourceTree = "<group>"; };
		DD05BDF21A6D250F74257C0F /* RecentProject.swift */ = {isa = PBXFileReference; lastKnownFileType = sourcecode.swift; path = RecentProject.swift; sourceTree = "<group>"; };
		DD89521B884B2A4A3A596807 /* StatusBarView.swift */ = {isa = PBXFileReference; lastKnownFileType = sourcecode.swift; path = StatusBarView.swift; sourceTree = "<group>"; };
		E0A892727F9B56F5B93219BD /* WorkspaceSelectionError.swift */ = {isa = PBXFileReference; lastKnownFileType = sourcecode.swift; path = WorkspaceSelectionError.swift; sourceTree = "<group>"; };
		E223881FD347BDEEB02CFF3D /* BeadsJSONDecoder.swift */ = {isa = PBXFileReference; lastKnownFileType = sourcecode.swift; path = BeadsJSONDecoder.swift; sourceTree = "<group>"; };
		EEDEA644D1B78193D279B227 /* IssueDetailRecurringSection.swift */ = {isa = PBXFileReference; lastKnownFileType = sourcecode.swift; path = IssueDetailRecurringSection.swift; sourceTree = "<group>"; };
		EF6F1541C70BFBBE25CA6DE8 /* KanbanStateMapper.swift */ = {isa = PBXFileReference; lastKnownFileType = sourcecode.swift; path = KanbanStateMapper.swift; sourceTree = "<group>"; };
		F386C411A419795703FCE5B1 /* GitDirtyLaunchSheet.swift */ = {isa = PBXFileReference; lastKnownFileType = sourcecode.swift; path = GitDirtyLaunchSheet.swift; sourceTree = "<group>"; };
		F4F866B85B2A56E15F62680F /* KanbanDropResolver.swift */ = {isa = PBXFileReference; lastKnownFileType = sourcecode.swift; path = KanbanDropResolver.swift; sourceTree = "<group>"; };
		FF95CD8DD680AB39CA3760EE /* BoardSidebarView.swift */ = {isa = PBXFileReference; lastKnownFileType = sourcecode.swift; path = BoardSidebarView.swift; sourceTree = "<group>"; };
/* End PBXFileReference section */

/* Begin PBXGroup section */
		0AFAD5B8DDFBE591FC11F310 = {
			isa = PBXGroup;
			children = (
				FBD16E616A814B8C57D4C950 /* App */,
				3C9CBFAA0DED38CF2549138D /* BeadsContract */,
				D8AC629B90F85127382EF6F2 /* BeadsWorkspace */,
				482B42CAAB62783BCDB256A5 /* Products */,
			);
			sourceTree = "<group>";
		};
		3C9CBFAA0DED38CF2549138D /* BeadsContract */ = {
			isa = PBXGroup;
			children = (
				2860AA2285EFC86D3DB1C3FA /* AgentProfile.swift */,
				1674780797FD810F8D7DE8C2 /* AgentRole.swift */,
				1C4B4490AA9915E56BD4244B /* BeadIssue.swift */,
				E223881FD347BDEEB02CFF3D /* BeadsJSONDecoder.swift */,
				52316928B361CD02CB516C38 /* CommandSnapshot.swift */,
				B5D04E4460CB63C26D737DD8 /* KanbanColumn.swift */,
				F4F866B85B2A56E15F62680F /* KanbanDropResolver.swift */,
				EF6F1541C70BFBBE25CA6DE8 /* KanbanStateMapper.swift */,
				917F583AF9D4B02E53F16FD1 /* PriorityDifficulty.swift */,
				ADE0506503A2928BD3788E8A /* PromptGenerator.swift */,
				805340EA9FBA3874DFEAD319 /* RecurringMetadata.swift */,
			);
			name = BeadsContract;
			path = Sources/BeadsContract;
			sourceTree = "<group>";
		};
		482B42CAAB62783BCDB256A5 /* Products */ = {
			isa = PBXGroup;
			children = (
				1A0248E5275A4DD2579FF53E /* BeadsKanbanApp.app */,
			);
			name = Products;
			sourceTree = "<group>";
		};
		D8AC629B90F85127382EF6F2 /* BeadsWorkspace */ = {
			isa = PBXGroup;
			children = (
				8ADC615F3F521A912A29CEC2 /* AgentLaunchFlowCoordinator.swift */,
				CB9A4F6E330781329558DE68 /* AgentProfileStore.swift */,
				80A1EBFA411DA5DE40B48674 /* AgentRunHistoryStore.swift */,
				A63F79EFFE2C205E9B51022F /* AgentRunLaunchCoordinator.swift */,
				5365E7ADB87026363F26D6F7 /* AgentRunMessage.swift */,
				AB66BEA09BA735011CC7D05F /* AgentRunRecord.swift */,
				524C06B260590235A286E85A /* AgentRunStatus.swift */,
				246405742CABDD6FDCD92C4A /* AgentRunTranscriptStore.swift */,
				BE01F1D4A7FD2A2A8614AF09 /* AppPreferences.swift */,
				BE01F1D4A7FD2A2A8614AF11 /* LocalAISettings.swift */,
				BE01F1D4A7FD2A2A8614AF10 /* LocalAIConnectionTester.swift */,
				69572911E9CE07BDC6E47FE7 /* AssigneeAvatarResolver.swift */,
				084DC3DCA7251D75F1C0667C /* BeadsError.swift */,
				38B47C6056A4A2EF59F26B31 /* BeadsService.swift */,
				27B4A8FF92250BAF4DF9470D /* CommandResult.swift */,
				04A116AD006CF35CA34ECE27 /* CommandRunning.swift */,
				9C3CCAA1F4E35E7D33DCD790 /* CreateIssueInput.swift */,
				94704DDD945A08C695E33E60 /* GitStatusService.swift */,
				234B53B7F03FBE6A459A8149 /* GitStatusSummary.swift */,
				5E60B6DE5CFDB845F26634AC /* GitWorktreeService.swift */,
				785B8EE3200E9AC7F2E588BC /* IssueFileWatcher.swift */,
				02995F2D4DFE3B31D00526EF /* IssueFilterState.swift */,
				5715AB43753AA20C2F5B0276 /* IssueStore.swift */,
				072902C8C2829A57F8879515 /* MarkdownTextRenderer.swift */,
				ADCD2C13EB7D25B27F0DB9E6 /* PreferencesStore.swift */,
				5B8EC6BEF8A451F9C6414377 /* ProcessCommandRunner.swift */,
				1116E4B9B437EE620E37E3FA /* ProjectRootDiscovery.swift */,
				BE9802E54167B017B03C02D2 /* ProjectWorkspace.swift */,
				DD05BDF21A6D250F74257C0F /* RecentProject.swift */,
				D92B41CC363EFD04B2C2B380 /* RecentProjectsStore.swift */,
				D779A67B8CC5F47EF68083B3 /* RecurringStore.swift */,
				A267113D5EBBAFBD1F438D57 /* ShellCommandRunner.swift */,
				448BE4AEBDAFF17B41A357D3 /* TerminalLaunching.swift */,
				63DB2BCFBFCEE719CA359921 /* UpdateIssueInput.swift */,
				15A7FBE5ABA23F5A6E5B0738 /* WorkspaceCheck.swift */,
				C8E54FCB2438300BC3BEABE3 /* WorkspaceCheckState.swift */,
				E0A892727F9B56F5B93219BD /* WorkspaceSelectionError.swift */,
				892AFBAFFBB5AC7ADBFEF382 /* WorkspaceValidationState.swift */,
				BB94DC4755E753E7F8820198 /* WorkspaceValidator.swift */,
			);
			name = BeadsWorkspace;
			path = Sources/BeadsWorkspace;
			sourceTree = "<group>";
		};
		FBD16E616A814B8C57D4C950 /* App */ = {
			isa = PBXGroup;
			children = (
				843DAFA24B80CDA5609E80E4 /* AgentLaunchState.swift */,
				B6A0B0A0B0A0B0A0B0A0B0A0 /* BadgeView.swift */,
				B11111111111111111111111 /* AgentRunActionsView.swift */,
				B22222222222222222222222 /* AgentRunConsoleContent.swift */,
				626365BA4FBFF70061F5A8F6 /* AgentRunConsoleView.swift */,
				B33333333333333333333333 /* AgentRunNotesView.swift */,
				B44444444444444444444444 /* AgentRunPromptPreviewView.swift */,
				B55555555555555555555555 /* AgentRunTranscriptView.swift */,
				D9CA4D850D4A89F102D5866F /* AppViewModel.swift */,
				47BC8D75D3F915672B7E87A3 /* AssigneeBadgeView.swift */,
				833FF27F3DA76EFFBE825440 /* BeadsKanbanApp.swift */,
				90C658EC3EC671B9DC4F1520 /* BlockerPickerSheet.swift */,
				FF95CD8DD680AB39CA3760EE /* BoardSidebarView.swift */,
				B30371A914B174F942233A4D /* BoardView.swift */,
				0FF001829FA357931ABB2DDA /* BulkActionPanel.swift */,
				7DBB91774FEBEFDB2A92E3F2 /* Clipboard.swift */,
				0D9045FAEC7EE010BF6B593C /* CloseIssueSheet.swift */,
				DCAA6024BCA55980AD7BD902 /* ContentView.swift */,
				8A32DD08C1FDA109CD53BC41 /* CreateIssueSheet.swift */,
				7DF68C52F8AE3853FD37F28B /* DebugPanelView.swift */,
				F386C411A419795703FCE5B1 /* GitDirtyLaunchSheet.swift */,
				7BC5310103C0E2BBA70DFA3E /* IssueCardView.swift */,
				EEDEA644D1B78193D279B227 /* IssueDetailRecurringSection.swift */,
				58A8C4D84422BBCE4A84BF81 /* IssueDetailView.swift */,
				0026F50ED8AB2040E4970377 /* IssueFilterBarView.swift */,
				7D09B05737B06390C186B8F7 /* IssueListView.swift */,
				25B1886C7BBD88E21A4DD8AB /* IssueRightPane.swift */,
				5F8A6C4A7A4D4E5BA5D92F02 /* LocalAISettingsPanelView.swift */,
				113640E4F9E12CC9A7123EA8 /* KanbanBoardView.swift */,
				881EE42BCE3D5B25154128D6 /* ReviewFollowupSheet.swift */,
				DD89521B884B2A4A3A596807 /* StatusBarView.swift */,
				07E1F6766E018B9D3FB3EEFD /* TerminalLauncher.swift */,
				AD2F7302355AB39819D5636E /* WelcomeView.swift */,
				3CBEF3789371A63BE07F8C61 /* WorkspaceViewModel.swift */,
			);
			path = App;
			sourceTree = "<group>";
		};
/* End PBXGroup section */

/* Begin PBXNativeTarget section */
		747BA477619B9B9AB3D8AFD3 /* BeadsKanbanApp */ = {
			isa = PBXNativeTarget;
			buildConfigurationList = D23C8D17E2F27903DBC62722 /* Build configuration list for PBXNativeTarget "BeadsKanbanApp" */;
			buildPhases = (
				A4BAD83E483173722609B7F9 /* Sources */,
			);
			buildRules = (
			);
			dependencies = (
			);
			name = BeadsKanbanApp;
			packageProductDependencies = (
			);
			productName = BeadsKanbanApp;
			productReference = 1A0248E5275A4DD2579FF53E /* BeadsKanbanApp.app */;
			productType = "com.apple.product-type.application";
		};
/* End PBXNativeTarget section */

/* Begin PBXProject section */
		A356D4F45FE914FAE23932BE /* Project object */ = {
			isa = PBXProject;
			attributes = {
				BuildIndependentTargetsInParallel = YES;
				LastUpgradeCheck = 1430;
				TargetAttributes = {
					747BA477619B9B9AB3D8AFD3 = {
						ProvisioningStyle = Manual;
					};
				};
			};
			buildConfigurationList = 9E10953FDA9732D955146854 /* Build configuration list for PBXProject "BeadsKanbanApp" */;
			developmentRegion = en;
			hasScannedForEncodings = 0;
			knownRegions = (
				Base,
				en,
			);
			mainGroup = 0AFAD5B8DDFBE591FC11F310;
			minimizedProjectReferenceProxies = 1;
			preferredProjectObjectVersion = 77;
			productRefGroup = 482B42CAAB62783BCDB256A5 /* Products */;
			projectDirPath = "";
			projectRoot = "";
			targets = (
				747BA477619B9B9AB3D8AFD3 /* BeadsKanbanApp */,
			);
		};
/* End PBXProject section */

/* Begin PBXSourcesBuildPhase section */
		A4BAD83E483173722609B7F9 /* Sources */ = {
			isa = PBXSourcesBuildPhase;
			buildActionMask = 2147483647;
			files = (
				231E101278DA73D074F6AF17 /* AgentLaunchFlowCoordinator.swift in Sources */,
				7E62E29C688D95EA0478C2D9 /* AgentLaunchState.swift in Sources */,
				EFF3DBCE0D2A735D133EAEF5 /* AgentProfile.swift in Sources */,
				514EDC774BDF539E62BBD18F /* AgentProfileStore.swift in Sources */,
				176DC74B9B60C7C605517AA2 /* AgentRole.swift in Sources */,
				C6A0B0A0B0A0B0A0B0A0B0A0 /* BadgeView.swift in Sources */,
				A11111111111111111111111 /* AgentRunActionsView.swift in Sources */,
				A22222222222222222222222 /* AgentRunConsoleContent.swift in Sources */,
				322D00C931CD361D7E7EA1DA /* AgentRunConsoleView.swift in Sources */,
				D1E282B1388DA98C1C479C90 /* AgentRunHistoryStore.swift in Sources */,
				08F5B619F89B824DD89E920A /* AgentRunLaunchCoordinator.swift in Sources */,
				EB7707B1EC0E3ED5EC5BDAD5 /* AgentRunMessage.swift in Sources */,
				57B1A1E222247DEA55F52900 /* AgentRunRecord.swift in Sources */,
				7E5588374B9CA0670DB653A0 /* AgentRunStatus.swift in Sources */,
				51AA04F5B2CD468BD2A530F0 /* AgentRunTranscriptStore.swift in Sources */,
				A33333333333333333333333 /* AgentRunNotesView.swift in Sources */,
				A44444444444444444444444 /* AgentRunPromptPreviewView.swift in Sources */,
				A55555555555555555555555 /* AgentRunTranscriptView.swift in Sources */,
				FCC3622DFB2C0F7172458C62 /* AppPreferences.swift in Sources */,
				65FEEE36A483AAFEA3E98741 /* LocalAIConnectionTester.swift in Sources */,
				65FEEE36A483AAFEA3E98742 /* LocalAISettings.swift in Sources */,
				3D59BD01A9AD861FE5A1BC7A /* AppViewModel.swift in Sources */,
				C2FBEA4833D1CE73B6B10C72 /* AssigneeAvatarResolver.swift in Sources */,
				F76DF0C90155056664B3B7D6 /* AssigneeBadgeView.swift in Sources */,
				E7B9A7C71C5F732A5E626E6A /* BeadIssue.swift in Sources */,
				97729736ECA883201A6E4A47 /* BeadsError.swift in Sources */,
				C4EC847AD43417A5A87E6742 /* BeadsJSONDecoder.swift in Sources */,
				FA7430CE6F42A5BCF245C0A5 /* BeadsKanbanApp.swift in Sources */,
				EB9C537BA9B88F29D98F6864 /* BeadsService.swift in Sources */,
				F695F9C9600DEE436B85579B /* BlockerPickerSheet.swift in Sources */,
				C3915798DDD0FD3189272818 /* BoardSidebarView.swift in Sources */,
				4592B816E0522788375F8CE0 /* BoardView.swift in Sources */,
				5F4712CAD8F60981A70D9D85 /* BulkActionPanel.swift in Sources */,
				82EA060B85C885EB5A4BE443 /* Clipboard.swift in Sources */,
				F68578D18AD6BE33D0FDBE62 /* CloseIssueSheet.swift in Sources */,
				7F68A6A93303A564FF10187E /* CommandResult.swift in Sources */,
				29BDC07D19B4784D59E4A2E8 /* CommandRunning.swift in Sources */,
				D4F3A6A240DD93E4F8126EAF /* CommandSnapshot.swift in Sources */,
				B035B9FB268DA76980FB0627 /* ContentView.swift in Sources */,
				730CED51B44D179E4A195041 /* CreateIssueInput.swift in Sources */,
				F6D91A0E3D55A3E7D73C6D5B /* CreateIssueSheet.swift in Sources */,
				777D6067634F4E4433D4DE29 /* DebugPanelView.swift in Sources */,
				98640917B3101FA06281042D /* GitDirtyLaunchSheet.swift in Sources */,
				163DAED0C9C9869C303DBB53 /* GitStatusService.swift in Sources */,
				9F49D0D3DB2F0AC391404F06 /* GitStatusSummary.swift in Sources */,
				82EAFB7DA66596E591788604 /* GitWorktreeService.swift in Sources */,
				B7961430EF778C0628061A97 /* IssueCardView.swift in Sources */,
				28CA2B5B5D8B44D2475D019E /* IssueDetailRecurringSection.swift in Sources */,
				10FAB7BF207ECFDE08A65B22 /* IssueDetailView.swift in Sources */,
				B2039CB88B675C43CEC59B4F /* IssueFileWatcher.swift in Sources */,
				945841B0F7949A518B9F25F8 /* IssueFilterBarView.swift in Sources */,
				12E241B27B6C9B8EC7B9395C /* IssueFilterState.swift in Sources */,
				5A67B9D838C3A53ABCFC6FEE /* IssueListView.swift in Sources */,
				8D876C481BE334B026F95B56 /* IssueRightPane.swift in Sources */,
				5F8A6C4A7A4D4E5BA5D92F01 /* LocalAISettingsPanelView.swift in Sources */,
				C9056551A54E94A43A59996B /* IssueStore.swift in Sources */,
				91C9ED92CFB1DE5579896BA1 /* KanbanBoardView.swift in Sources */,
				99BCF2D4A6194A44476C8C87 /* KanbanColumn.swift in Sources */,
				41A8CFB9661979481337B872 /* KanbanDropResolver.swift in Sources */,
				F4CF3D573E3D2B563B732D89 /* KanbanStateMapper.swift in Sources */,
				480365CF848360DF4CC1ABEE /* MarkdownTextRenderer.swift in Sources */,
				65FEEE36A483AAFEA3E98740 /* PreferencesStore.swift in Sources */,
				9BA6FB68140ACE2FB09A25E2 /* PriorityDifficulty.swift in Sources */,
				A0A96F481BF73110F71C1AD7 /* ProcessCommandRunner.swift in Sources */,
				5F74A17DED4EA257CD3FB527 /* ProjectRootDiscovery.swift in Sources */,
				169C26B9DCB38E05D5620699 /* ProjectWorkspace.swift in Sources */,
				6A22080603C0D4BEA29DC9F6 /* PromptGenerator.swift in Sources */,
				5FE2FB5416DE9F39D33AEB6D /* RecentProject.swift in Sources */,
				E02EE3470B9C43544BA7A927 /* RecentProjectsStore.swift in Sources */,
				0B132AD8EC55302F736DAA2C /* RecurringMetadata.swift in Sources */,
				3FE7E6EDF84988304359A942 /* RecurringStore.swift in Sources */,
				F7378A2357AD882B8DBD52DA /* ReviewFollowupSheet.swift in Sources */,
				2E0F554D8887BBF850410321 /* ShellCommandRunner.swift in Sources */,
				DE2E555C843DDA7B37027D5E /* StatusBarView.swift in Sources */,
				D9FE90D4F69DCB33807CA9E5 /* TerminalLauncher.swift in Sources */,
				B487C75F0B86E69F4E8D800B /* TerminalLaunching.swift in Sources */,
				EC21EF3BAB971203477766C6 /* UpdateIssueInput.swift in Sources */,
				74D5844D97FC4DCD00896193 /* WelcomeView.swift in Sources */,
				558DD8247DAFBFAA255060CF /* WorkspaceCheck.swift in Sources */,
				EA5007A9BB9CB616312B99F1 /* WorkspaceCheckState.swift in Sources */,
				6964E3357E8F7DAA8B5ED12D /* WorkspaceSelectionError.swift in Sources */,
				E48DAA3AF46434C2A0F9E16B /* WorkspaceValidationState.swift in Sources */,
				12620EE9783B65D6DF288038 /* WorkspaceValidator.swift in Sources */,
				F35FD789DD9F8F553E6CD574 /* WorkspaceViewModel.swift in Sources */,
			);
			runOnlyForDeploymentPostprocessing = 0;
		};
/* End PBXSourcesBuildPhase section */

/* Begin XCBuildConfiguration section */
		0264735317A8FAD1708D8C48 /* Debug */ = {
			isa = XCBuildConfiguration;
			buildSettings = {
				ASSETCATALOG_COMPILER_APPICON_NAME = AppIcon;
				COMBINE_HIDPI_IMAGES = YES;
				CURRENT_PROJECT_VERSION = 1;
				GENERATE_INFOPLIST_FILE = YES;
				INFOPLIST_KEY_CFBundleDisplayName = "Beads Kanban";
				INFOPLIST_KEY_LSApplicationCategoryType = "public.app-category.developer-tools";
				LD_RUNPATH_SEARCH_PATHS = (
					"$(inherited)",
					"@executable_path/../Frameworks",
				);
				MARKETING_VERSION = 0.1;
				PRODUCT_BUNDLE_IDENTIFIER = local.beads.kanban;
				SDKROOT = macosx;
			};
			name = Debug;
		};
		7554AD2CBAB8214B04BA65A3 /* Release */ = {
			isa = XCBuildConfiguration;
			buildSettings = {
				ASSETCATALOG_COMPILER_APPICON_NAME = AppIcon;
				COMBINE_HIDPI_IMAGES = YES;
				CURRENT_PROJECT_VERSION = 1;
				GENERATE_INFOPLIST_FILE = YES;
				INFOPLIST_KEY_CFBundleDisplayName = "Beads Kanban";
				INFOPLIST_KEY_LSApplicationCategoryType = "public.app-category.developer-tools";
				LD_RUNPATH_SEARCH_PATHS = (
					"$(inherited)",
					"@executable_path/../Frameworks",
				);
				MARKETING_VERSION = 0.1;
				PRODUCT_BUNDLE_IDENTIFIER = local.beads.kanban;
				SDKROOT = macosx;
			};
			name = Release;
		};
		80CEB3CF8BA1A4EFEEBDF54B /* Release */ = {
			isa = XCBuildConfiguration;
			buildSettings = {
				ALWAYS_SEARCH_USER_PATHS = NO;
				CLANG_ANALYZER_NONNULL = YES;
				CLANG_ANALYZER_NUMBER_OBJECT_CONVERSION = YES_AGGRESSIVE;
				CLANG_CXX_LANGUAGE_STANDARD = "gnu++14";
				CLANG_CXX_LIBRARY = "libc++";
				CLANG_ENABLE_MODULES = YES;
				CLANG_ENABLE_OBJC_ARC = YES;
				CLANG_ENABLE_OBJC_WEAK = YES;
				CLANG_WARN_BLOCK_CAPTURE_AUTORELEASING = YES;
				CLANG_WARN_BOOL_CONVERSION = YES;
				CLANG_WARN_COMMA = YES;
				CLANG_WARN_CONSTANT_CONVERSION = YES;
				CLANG_WARN_DEPRECATED_OBJC_IMPLEMENTATIONS = YES;
				CLANG_WARN_DIRECT_OBJC_ISA_USAGE = YES_ERROR;
				CLANG_WARN_DOCUMENTATION_COMMENTS = YES;
				CLANG_WARN_EMPTY_BODY = YES;
				CLANG_WARN_ENUM_CONVERSION = YES;
				CLANG_WARN_INFINITE_RECURSION = YES;
				CLANG_WARN_INT_CONVERSION = YES;
				CLANG_WARN_NON_LITERAL_NULL_CONVERSION = YES;
				CLANG_WARN_OBJC_IMPLICIT_RETAIN_SELF = YES;
				CLANG_WARN_OBJC_LITERAL_CONVERSION = YES;
				CLANG_WARN_OBJC_ROOT_CLASS = YES_ERROR;
				CLANG_WARN_QUOTED_INCLUDE_IN_FRAMEWORK_HEADER = YES;
				CLANG_WARN_RANGE_LOOP_ANALYSIS = YES;
				CLANG_WARN_STRICT_PROTOTYPES = YES;
				CLANG_WARN_SUSPICIOUS_MOVE = YES;
				CLANG_WARN_UNGUARDED_AVAILABILITY = YES_AGGRESSIVE;
				CLANG_WARN_UNREACHABLE_CODE = YES;
				CLANG_WARN__DUPLICATE_METHOD_MATCH = YES;
				CODE_SIGNING_ALLOWED = NO;
				CODE_SIGNING_REQUIRED = NO;
				CODE_SIGN_STYLE = Manual;
				COPY_PHASE_STRIP = NO;
				DEBUG_INFORMATION_FORMAT = "dwarf-with-dsym";
				ENABLE_NS_ASSERTIONS = NO;
				ENABLE_STRICT_OBJC_MSGSEND = YES;
				GCC_C_LANGUAGE_STANDARD = gnu11;
				GCC_NO_COMMON_BLOCKS = YES;
				GCC_WARN_64_TO_32_BIT_CONVERSION = YES;
				GCC_WARN_ABOUT_RETURN_TYPE = YES_ERROR;
				GCC_WARN_UNDECLARED_SELECTOR = YES;
				GCC_WARN_UNINITIALIZED_AUTOS = YES_AGGRESSIVE;
				GCC_WARN_UNUSED_FUNCTION = YES;
				GCC_WARN_UNUSED_VARIABLE = YES;
				MACOSX_DEPLOYMENT_TARGET = 15.0;
				MTL_ENABLE_DEBUG_INFO = NO;
				MTL_FAST_MATH = YES;
				PRODUCT_NAME = "$(TARGET_NAME)";
				SDKROOT = macosx;
				SWIFT_COMPILATION_MODE = wholemodule;
				SWIFT_OPTIMIZATION_LEVEL = "-O";
				SWIFT_VERSION = 6.0;
			};
			name = Release;
		};
		C7499978F62FC86808A23385 /* Debug */ = {
			isa = XCBuildConfiguration;
			buildSettings = {
				ALWAYS_SEARCH_USER_PATHS = NO;
				CLANG_ANALYZER_NONNULL = YES;
				CLANG_ANALYZER_NUMBER_OBJECT_CONVERSION = YES_AGGRESSIVE;
				CLANG_CXX_LANGUAGE_STANDARD = "gnu++14";
				CLANG_CXX_LIBRARY = "libc++";
				CLANG_ENABLE_MODULES = YES;
				CLANG_ENABLE_OBJC_ARC = YES;
				CLANG_ENABLE_OBJC_WEAK = YES;
				CLANG_WARN_BLOCK_CAPTURE_AUTORELEASING = YES;
				CLANG_WARN_BOOL_CONVERSION = YES;
				CLANG_WARN_COMMA = YES;
				CLANG_WARN_CONSTANT_CONVERSION = YES;
				CLANG_WARN_DEPRECATED_OBJC_IMPLEMENTATIONS = YES;
				CLANG_WARN_DIRECT_OBJC_ISA_USAGE = YES_ERROR;
				CLANG_WARN_DOCUMENTATION_COMMENTS = YES;
				CLANG_WARN_EMPTY_BODY = YES;
				CLANG_WARN_ENUM_CONVERSION = YES;
				CLANG_WARN_INFINITE_RECURSION = YES;
				CLANG_WARN_INT_CONVERSION = YES;
				CLANG_WARN_NON_LITERAL_NULL_CONVERSION = YES;
				CLANG_WARN_OBJC_IMPLICIT_RETAIN_SELF = YES;
				CLANG_WARN_OBJC_LITERAL_CONVERSION = YES;
				CLANG_WARN_OBJC_ROOT_CLASS = YES_ERROR;
				CLANG_WARN_QUOTED_INCLUDE_IN_FRAMEWORK_HEADER = YES;
				CLANG_WARN_RANGE_LOOP_ANALYSIS = YES;
				CLANG_WARN_STRICT_PROTOTYPES = YES;
				CLANG_WARN_SUSPICIOUS_MOVE = YES;
				CLANG_WARN_UNGUARDED_AVAILABILITY = YES_AGGRESSIVE;
				CLANG_WARN_UNREACHABLE_CODE = YES;
				CLANG_WARN__DUPLICATE_METHOD_MATCH = YES;
				CODE_SIGNING_ALLOWED = NO;
				CODE_SIGNING_REQUIRED = NO;
				CODE_SIGN_STYLE = Manual;
				COPY_PHASE_STRIP = NO;
				DEBUG_INFORMATION_FORMAT = dwarf;
				ENABLE_STRICT_OBJC_MSGSEND = YES;
				ENABLE_TESTABILITY = YES;
				GCC_C_LANGUAGE_STANDARD = gnu11;
				GCC_DYNAMIC_NO_PIC = NO;
				GCC_NO_COMMON_BLOCKS = YES;
				GCC_OPTIMIZATION_LEVEL = 0;
				GCC_PREPROCESSOR_DEFINITIONS = (
					"$(inherited)",
					"DEBUG=1",
				);
				GCC_WARN_64_TO_32_BIT_CONVERSION = YES;
				GCC_WARN_ABOUT_RETURN_TYPE = YES_ERROR;
				GCC_WARN_UNDECLARED_SELECTOR = YES;
				GCC_WARN_UNINITIALIZED_AUTOS = YES_AGGRESSIVE;
				GCC_WARN_UNUSED_FUNCTION = YES;
				GCC_WARN_UNUSED_VARIABLE = YES;
				MACOSX_DEPLOYMENT_TARGET = 15.0;
				MTL_ENABLE_DEBUG_INFO = INCLUDE_SOURCE;
				MTL_FAST_MATH = YES;
				ONLY_ACTIVE_ARCH = YES;
				PRODUCT_NAME = "$(TARGET_NAME)";
				SDKROOT = macosx;
				SWIFT_ACTIVE_COMPILATION_CONDITIONS = DEBUG;
				SWIFT_OPTIMIZATION_LEVEL = "-Onone";
				SWIFT_VERSION = 6.0;
			};
			name = Debug;
		};
/* End XCBuildConfiguration section */

/* Begin XCConfigurationList section */
		9E10953FDA9732D955146854 /* Build configuration list for PBXProject "BeadsKanbanApp" */ = {
			isa = XCConfigurationList;
			buildConfigurations = (
				C7499978F62FC86808A23385 /* Debug */,
				80CEB3CF8BA1A4EFEEBDF54B /* Release */,
			);
			defaultConfigurationIsVisible = 0;
			defaultConfigurationName = Debug;
		};
		D23C8D17E2F27903DBC62722 /* Build configuration list for PBXNativeTarget "BeadsKanbanApp" */ = {
			isa = XCConfigurationList;
			buildConfigurations = (
				0264735317A8FAD1708D8C48 /* Debug */,
				7554AD2CBAB8214B04BA65A3 /* Release */,
			);
			defaultConfigurationIsVisible = 0;
			defaultConfigurationName = Debug;
		};
/* End XCConfigurationList section */
	};
	rootObject = A356D4F45FE914FAE23932BE /* Project object */;
}
